
Microsoft Visual Studio Solution File, Format Version 12.00
# Visual Studio Version 17
VisualStudioVersion = 17.7.34202.233
MinimumVisualStudioVersion = 10.0.40219.1
Project("{FAE04EC0-301F-11D3-BF4B-00C04F79EFBC}") = "WinFormsApp1", "WinFormsApp1.csproj", "{5284CE4E-9693-4F8A-AE08-34FE38AEDCF4}"
EndProject
Global
	GlobalSection(SolutionConfigurationPlatforms) = preSolution
		Debug|Any CPU = Debug|Any CPU
		Release|Any CPU = Release|Any CPU
	EndGlobalSection
	GlobalSection(ProjectConfigurationPlatforms) = postSolution
		{5284CE4E-9693-4F8A-AE08-34FE38AEDCF4}.Debug|Any CPU.ActiveCfg = Debug|Any CPU
		{5284CE4E-9693-4F8A-AE08-34FE38AEDCF4}.Debug|Any CPU.Build.0 = Debug|Any CPU
		{5284CE4E-9693-4F8A-AE08-34FE38AEDCF4}.Release|Any CPU.ActiveCfg = Release|Any CPU
		{5284CE4E-9693-4F8A-AE08-34FE38AEDCF4}.Release|Any CPU.Build.0 = Release|Any CPU
	EndGlobalSection
	GlobalSection(SolutionProperties) = preSolution
		HideSolutionNode = FALSE
	EndGlobalSection
	GlobalSection(ExtensibilityGlobals) = postSolution
		SolutionGuid = {E339761D-6E78-4A88-A558-9500B52436AC}
	EndGlobalSection
EndGlobal
