
Microsoft Visual Studio Solution File, Format Version 12.00
# Visual Studio Version 17
VisualStudioVersion = 17.7.34202.233
MinimumVisualStudioVersion = 10.0.40219.1
Project("{FAE04EC0-301F-11D3-BF4B-00C04F79EFBC}") = "TexasHoldem", "TexasHoldem.csproj", "{C617D6EE-3E1E-40B1-8172-D660C9075848}"
EndProject
Global
	GlobalSection(SolutionConfigurationPlatforms) = preSolution
		Debug|Any CPU = Debug|Any CPU
		Release|Any CPU = Release|Any CPU
	EndGlobalSection
	GlobalSection(ProjectConfigurationPlatforms) = postSolution
		{C617D6EE-3E1E-40B1-8172-D660C9075848}.Debug|Any CPU.ActiveCfg = Debug|Any CPU
		{C617D6EE-3E1E-40B1-8172-D660C9075848}.Debug|Any CPU.Build.0 = Debug|Any CPU
		{C617D6EE-3E1E-40B1-8172-D660C9075848}.Release|Any CPU.ActiveCfg = Release|Any CPU
		{C617D6EE-3E1E-40B1-8172-D660C9075848}.Release|Any CPU.Build.0 = Release|Any CPU
	EndGlobalSection
	GlobalSection(SolutionProperties) = preSolution
		HideSolutionNode = FALSE
	EndGlobalSection
	GlobalSection(ExtensibilityGlobals) = postSolution
		SolutionGuid = {5F55346E-9017-41AA-846B-2EA030BA8B06}
	EndGlobalSection
EndGlobal
