
Microsoft Visual Studio Solution File, Format Version 12.00
# Visual Studio Version 17
VisualStudioVersion = 17.7.34202.233
MinimumVisualStudioVersion = 10.0.40219.1
Project("{9A19103F-16F7-4668-BE54-9A1E7A4F7556}") = "Poker", "Poker.csproj", "{F86AAACA-8A87-41DE-BD55-D2DEBBFD9BAA}"
EndProject
Global
	GlobalSection(SolutionConfigurationPlatforms) = preSolution
		Debug|Any CPU = Debug|Any CPU
		Release|Any CPU = Release|Any CPU
	EndGlobalSection
	GlobalSection(ProjectConfigurationPlatforms) = postSolution
		{F86AAACA-8A87-41DE-BD55-D2DEBBFD9BAA}.Debug|Any CPU.ActiveCfg = Debug|Any CPU
		{F86AAACA-8A87-41DE-BD55-D2DEBBFD9BAA}.Debug|Any CPU.Build.0 = Debug|Any CPU
		{F86AAACA-8A87-41DE-BD55-D2DEBBFD9BAA}.Release|Any CPU.ActiveCfg = Release|Any CPU
		{F86AAACA-8A87-41DE-BD55-D2DEBBFD9BAA}.Release|Any CPU.Build.0 = Release|Any CPU
	EndGlobalSection
	GlobalSection(SolutionProperties) = preSolution
		HideSolutionNode = FALSE
	EndGlobalSection
	GlobalSection(ExtensibilityGlobals) = postSolution
		SolutionGuid = {6E8A373A-09EF-4880-92BE-87EB276737B7}
	EndGlobalSection
EndGlobal
